
Microsoft Visual Studio Solution File, Format Version 12.00
# Visual Studio Version 16
VisualStudioVersion = 16.0.29503.13
MinimumVisualStudioVersion = 10.0.40219.1
Project("{FAE04EC0-301F-11D3-BF4B-00C04F79EFBC}") = "Arvato_API", "Arvato_API\Arvato_API.csproj", "{C3DD1BEE-4D01-4366-9C6A-102424BD0C97}"
EndProject
Global
	GlobalSection(SolutionConfigurationPlatforms) = preSolution
		Debug|Any CPU = Debug|Any CPU
		Release|Any CPU = Release|Any CPU
	EndGlobalSection
	GlobalSection(ProjectConfigurationPlatforms) = postSolution
		{C3DD1BEE-4D01-4366-9C6A-102424BD0C97}.Debug|Any CPU.ActiveCfg = Debug|Any CPU
		{C3DD1BEE-4D01-4366-9C6A-102424BD0C97}.Debug|Any CPU.Build.0 = Debug|Any CPU
		{C3DD1BEE-4D01-4366-9C6A-102424BD0C97}.Release|Any CPU.ActiveCfg = Release|Any CPU
		{C3DD1BEE-4D01-4366-9C6A-102424BD0C97}.Release|Any CPU.Build.0 = Release|Any CPU
	EndGlobalSection
	GlobalSection(SolutionProperties) = preSolution
		HideSolutionNode = FALSE
	EndGlobalSection
	GlobalSection(ExtensibilityGlobals) = postSolution
		SolutionGuid = {A94BB6F5-E5AA-4A37-94B8-B200E21A5BA7}
	EndGlobalSection
EndGlobal
